
Microsoft Visual Studio Solution File, Format Version 12.00
# Visual Studio Version 17
VisualStudioVersion = 17.3.32825.248
MinimumVisualStudioVersion = 10.0.40219.1
Project("{9A19103F-16F7-4668-BE54-9A1E7A4F7556}") = "CardStorageService", "CardStorageService\CardStorageService.csproj", "{05607F50-BB91-4C7B-A537-19906213A68E}"
EndProject
Project("{9A19103F-16F7-4668-BE54-9A1E7A4F7556}") = "CardStorageService.Data", "CardStorageService.Data\CardStorageService.Data.csproj", "{98674ED4-CAE9-424A-A4C8-348221AD1E53}"
EndProject
Project("{9A19103F-16F7-4668-BE54-9A1E7A4F7556}") = "JwtSample", "JwtSample\JwtSample.csproj", "{424634A5-8154-405B-8803-C9759ABE7DCC}"
EndProject
Project("{9A19103F-16F7-4668-BE54-9A1E7A4F7556}") = "PasswordUtilsClient", "PasswordUtilsClient\PasswordUtilsClient.csproj", "{93640B2F-B261-40AE-88E1-1D791896E1B7}"
EndProject
Project("{9A19103F-16F7-4668-BE54-9A1E7A4F7556}") = "Seminar", "Seminar\Seminar.csproj", "{F81DA077-D694-4B56-AC0E-DF45B12B8803}"
EndProject
Project("{9A19103F-16F7-4668-BE54-9A1E7A4F7556}") = "Patterns", "Patterns\Patterns.csproj", "{C2020DA4-B67C-425C-A5BA-ED6802860A5D}"
EndProject
Project("{9A19103F-16F7-4668-BE54-9A1E7A4F7556}") = "CardStorageClient", "CardStorageClient\CardStorageClient.csproj", "{78906438-096A-4F1D-957E-C024404444B4}"
EndProject
Global
	GlobalSection(SolutionConfigurationPlatforms) = preSolution
		Debug|Any CPU = Debug|Any CPU
		Release|Any CPU = Release|Any CPU
	EndGlobalSection
	GlobalSection(ProjectConfigurationPlatforms) = postSolution
		{05607F50-BB91-4C7B-A537-19906213A68E}.Debug|Any CPU.ActiveCfg = Debug|Any CPU
		{05607F50-BB91-4C7B-A537-19906213A68E}.Debug|Any CPU.Build.0 = Debug|Any CPU
		{05607F50-BB91-4C7B-A537-19906213A68E}.Release|Any CPU.ActiveCfg = Release|Any CPU
		{05607F50-BB91-4C7B-A537-19906213A68E}.Release|Any CPU.Build.0 = Release|Any CPU
		{98674ED4-CAE9-424A-A4C8-348221AD1E53}.Debug|Any CPU.ActiveCfg = Debug|Any CPU
		{98674ED4-CAE9-424A-A4C8-348221AD1E53}.Debug|Any CPU.Build.0 = Debug|Any CPU
		{98674ED4-CAE9-424A-A4C8-348221AD1E53}.Release|Any CPU.ActiveCfg = Release|Any CPU
		{98674ED4-CAE9-424A-A4C8-348221AD1E53}.Release|Any CPU.Build.0 = Release|Any CPU
		{424634A5-8154-405B-8803-C9759ABE7DCC}.Debug|Any CPU.ActiveCfg = Debug|Any CPU
		{424634A5-8154-405B-8803-C9759ABE7DCC}.Debug|Any CPU.Build.0 = Debug|Any CPU
		{424634A5-8154-405B-8803-C9759ABE7DCC}.Release|Any CPU.ActiveCfg = Release|Any CPU
		{424634A5-8154-405B-8803-C9759ABE7DCC}.Release|Any CPU.Build.0 = Release|Any CPU
		{93640B2F-B261-40AE-88E1-1D791896E1B7}.Debug|Any CPU.ActiveCfg = Debug|Any CPU
		{93640B2F-B261-40AE-88E1-1D791896E1B7}.Debug|Any CPU.Build.0 = Debug|Any CPU
		{93640B2F-B261-40AE-88E1-1D791896E1B7}.Release|Any CPU.ActiveCfg = Release|Any CPU
		{93640B2F-B261-40AE-88E1-1D791896E1B7}.Release|Any CPU.Build.0 = Release|Any CPU
		{F81DA077-D694-4B56-AC0E-DF45B12B8803}.Debug|Any CPU.ActiveCfg = Debug|Any CPU
		{F81DA077-D694-4B56-AC0E-DF45B12B8803}.Debug|Any CPU.Build.0 = Debug|Any CPU
		{F81DA077-D694-4B56-AC0E-DF45B12B8803}.Release|Any CPU.ActiveCfg = Release|Any CPU
		{F81DA077-D694-4B56-AC0E-DF45B12B8803}.Release|Any CPU.Build.0 = Release|Any CPU
		{C2020DA4-B67C-425C-A5BA-ED6802860A5D}.Debug|Any CPU.ActiveCfg = Debug|Any CPU
		{C2020DA4-B67C-425C-A5BA-ED6802860A5D}.Debug|Any CPU.Build.0 = Debug|Any CPU
		{C2020DA4-B67C-425C-A5BA-ED6802860A5D}.Release|Any CPU.ActiveCfg = Release|Any CPU
		{C2020DA4-B67C-425C-A5BA-ED6802860A5D}.Release|Any CPU.Build.0 = Release|Any CPU
		{78906438-096A-4F1D-957E-C024404444B4}.Debug|Any CPU.ActiveCfg = Debug|Any CPU
		{78906438-096A-4F1D-957E-C024404444B4}.Debug|Any CPU.Build.0 = Debug|Any CPU
		{78906438-096A-4F1D-957E-C024404444B4}.Release|Any CPU.ActiveCfg = Release|Any CPU
		{78906438-096A-4F1D-957E-C024404444B4}.Release|Any CPU.Build.0 = Release|Any CPU
	EndGlobalSection
	GlobalSection(SolutionProperties) = preSolution
		HideSolutionNode = FALSE
	EndGlobalSection
	GlobalSection(ExtensibilityGlobals) = postSolution
		SolutionGuid = {9D64C7FB-A8C2-4E03-AA8E-9B7BEEC3F9D6}
	EndGlobalSection
EndGlobal
